
Microsoft Visual Studio Solution File, Format Version 12.00
# Visual Studio Version 17
VisualStudioVersion = 17.4.33122.133
MinimumVisualStudioVersion = 10.0.40219.1
Project("{FAE04EC0-301F-11D3-BF4B-00C04F79EFBC}") = "İnterNetCafeOtomasyon", "İnterNetCafeOtomasyon.csproj", "{9AC13F61-AB9E-4CFF-9FCA-1A6B3F188C07}"
EndProject
Global
	GlobalSection(SolutionConfigurationPlatforms) = preSolution
		Debug|Any CPU = Debug|Any CPU
		Release|Any CPU = Release|Any CPU
	EndGlobalSection
	GlobalSection(ProjectConfigurationPlatforms) = postSolution
		{9AC13F61-AB9E-4CFF-9FCA-1A6B3F188C07}.Debug|Any CPU.ActiveCfg = Debug|Any CPU
		{9AC13F61-AB9E-4CFF-9FCA-1A6B3F188C07}.Debug|Any CPU.Build.0 = Debug|Any CPU
		{9AC13F61-AB9E-4CFF-9FCA-1A6B3F188C07}.Release|Any CPU.ActiveCfg = Release|Any CPU
		{9AC13F61-AB9E-4CFF-9FCA-1A6B3F188C07}.Release|Any CPU.Build.0 = Release|Any CPU
	EndGlobalSection
	GlobalSection(SolutionProperties) = preSolution
		HideSolutionNode = FALSE
	EndGlobalSection
	GlobalSection(ExtensibilityGlobals) = postSolution
		SolutionGuid = {EFB936CA-9878-4E11-BFF8-60D92BB925BE}
	EndGlobalSection
EndGlobal
